github.com/greatoldcactus/textgenerationapi v0.0.0-20240322200146-4211213fb2b7 h1:M4sxt/9YIGnp7tBO2OVQW5G4uxjqirrfSRmZcHsVt+A=
github.com/greatoldcactus/textgenerationapi v0.0.0-20240322200146-4211213fb2b7/go.mod h1:BZS+26w24pqn3L441BrNF8H0a0sPO66nVvZSmeudfRQ=
github.com/greatoldcactus/textgenerationapi v0.0.0-20240322204231-09d327e01a78 h1:I1HvSkpDsKA8Q0skAoNM9iebASbXTX+w9GP6hLIzL1s=
github.com/greatoldcactus/textgenerationapi v0.0.0-20240322204231-09d327e01a78/go.mod h1:BZS+26w24pqn3L441BrNF8H0a0sPO66nVvZSmeudfRQ=
