github.com/greatoldcactus/textgenerationapi v0.0.0-20240324173107-7968997e4241 h1:SDdNirRGQdTyzXBWHiMenBgQIeRRY9jatnWP027cNu4=
github.com/greatoldcactus/textgenerationapi v0.0.0-20240324173107-7968997e4241/go.mod h1:BZS+26w24pqn3L441BrNF8H0a0sPO66nVvZSmeudfRQ=
github.com/greatoldcactus/textgenerationapi v0.0.0-20240325201305-c91a1d8906d8 h1:ZeQHEfPek1e+d2sxCppRMaLkLm7Tf6O0BN8BM9+r9Kk=
github.com/greatoldcactus/textgenerationapi v0.0.0-20240325201305-c91a1d8906d8/go.mod h1:BZS+26w24pqn3L441BrNF8H0a0sPO66nVvZSmeudfRQ=
github.com/greatoldcactus/textgenerationapi v0.0.0-20240326125645-ce25889209da h1:8+5ihDoPZ0z5gkr+GccwoGdy/ct9hiTtTItD1K2G++s=
github.com/greatoldcactus/textgenerationapi v0.0.0-20240326125645-ce25889209da/go.mod h1:BZS+26w24pqn3L441BrNF8H0a0sPO66nVvZSmeudfRQ=
